
Microsoft Visual Studio Solution File, Format Version 12.00
# Visual Studio Version 17
VisualStudioVersion = 17.8.34330.188
MinimumVisualStudioVersion = 10.0.40219.1
Project("{FAE04EC0-301F-11D3-BF4B-00C04F79EFBC}") = "LeetcodesGitHub", "LeetcodesGitHub\LeetcodesGitHub.csproj", "{F024EC93-203F-4C71-B4AD-E0453BA0D491}"
EndProject
Global
	GlobalSection(SolutionConfigurationPlatforms) = preSolution
		Debug|Any CPU = Debug|Any CPU
		Release|Any CPU = Release|Any CPU
	EndGlobalSection
	GlobalSection(ProjectConfigurationPlatforms) = postSolution
		{F024EC93-203F-4C71-B4AD-E0453BA0D491}.Debug|Any CPU.ActiveCfg = Debug|Any CPU
		{F024EC93-203F-4C71-B4AD-E0453BA0D491}.Debug|Any CPU.Build.0 = Debug|Any CPU
		{F024EC93-203F-4C71-B4AD-E0453BA0D491}.Release|Any CPU.ActiveCfg = Release|Any CPU
		{F024EC93-203F-4C71-B4AD-E0453BA0D491}.Release|Any CPU.Build.0 = Release|Any CPU
	EndGlobalSection
	GlobalSection(SolutionProperties) = preSolution
		HideSolutionNode = FALSE
	EndGlobalSection
	GlobalSection(ExtensibilityGlobals) = postSolution
		SolutionGuid = {391852AB-6884-498E-979B-B3CDFBA21166}
	EndGlobalSection
EndGlobal
